
Microsoft Visual Studio Solution File, Format Version 12.00
# Visual Studio Version 16
VisualStudioVersion = 16.0.32510.428
MinimumVisualStudioVersion = 10.0.40219.1
Project("{FAE04EC0-301F-11D3-BF4B-00C04F79EFBC}") = "Gamewin", "net_wo\Gamewin.csproj", "{88EC4E00-61C7-4051-8BB5-5896E4EF6DD5}"
EndProject
Global
	GlobalSection(SolutionConfigurationPlatforms) = preSolution
		Debug|Any CPU = Debug|Any CPU
		Release|Any CPU = Release|Any CPU
	EndGlobalSection
	GlobalSection(ProjectConfigurationPlatforms) = postSolution
		{88EC4E00-61C7-4051-8BB5-5896E4EF6DD5}.Debug|Any CPU.ActiveCfg = Debug|Any CPU
		{88EC4E00-61C7-4051-8BB5-5896E4EF6DD5}.Debug|Any CPU.Build.0 = Debug|Any CPU
		{88EC4E00-61C7-4051-8BB5-5896E4EF6DD5}.Release|Any CPU.ActiveCfg = Release|Any CPU
		{88EC4E00-61C7-4051-8BB5-5896E4EF6DD5}.Release|Any CPU.Build.0 = Release|Any CPU
	EndGlobalSection
	GlobalSection(SolutionProperties) = preSolution
		HideSolutionNode = FALSE
	EndGlobalSection
	GlobalSection(ExtensibilityGlobals) = postSolution
		SolutionGuid = {BE351C50-4515-47EF-9DF4-AA5B30318AF0}
	EndGlobalSection
EndGlobal
